
Microsoft Visual Studio Solution File, Format Version 12.00
# Visual Studio Version 17
VisualStudioVersion = 17.3.32811.315
MinimumVisualStudioVersion = 10.0.40219.1
Project("{FAE04EC0-301F-11D3-BF4B-00C04F79EFBC}") = "Lista2PR2", "Lista2PR2\Lista2PR2.csproj", "{AC059E4F-B77F-42EB-A8A6-8A8895AFB16A}"
EndProject
Global
	GlobalSection(SolutionConfigurationPlatforms) = preSolution
		Debug|Any CPU = Debug|Any CPU
		Release|Any CPU = Release|Any CPU
	EndGlobalSection
	GlobalSection(ProjectConfigurationPlatforms) = postSolution
		{AC059E4F-B77F-42EB-A8A6-8A8895AFB16A}.Debug|Any CPU.ActiveCfg = Debug|Any CPU
		{AC059E4F-B77F-42EB-A8A6-8A8895AFB16A}.Debug|Any CPU.Build.0 = Debug|Any CPU
		{AC059E4F-B77F-42EB-A8A6-8A8895AFB16A}.Release|Any CPU.ActiveCfg = Release|Any CPU
		{AC059E4F-B77F-42EB-A8A6-8A8895AFB16A}.Release|Any CPU.Build.0 = Release|Any CPU
	EndGlobalSection
	GlobalSection(SolutionProperties) = preSolution
		HideSolutionNode = FALSE
	EndGlobalSection
	GlobalSection(ExtensibilityGlobals) = postSolution
		SolutionGuid = {13418FB0-4121-4806-92C1-ADF983F8C0EA}
	EndGlobalSection
EndGlobal
